{
  "name": "client",
  "version": "1.0.0",
  "lockfileVersion": 1,
  "requires": true,
  "dependencies": {
    "@omarmakled/package-one": {
      "version": "1.0.2",
      "resolved": "https://registry.npmjs.org/@omarmakled/package-one/-/package-one-1.0.2.tgz",
      "integrity": "sha512-LmNolJQ5c0gxUafNpmq4iHMXfCexpfyDQJdoBpN6aOGg7rLAkL2NdXTjbaIN777HONv0LoahoXDHgkBmxPaoUw=="
    },
    "@omarmakled/package-two": {
      "version": "1.0.2",
      "resolved": "https://registry.npmjs.org/@omarmakled/package-two/-/package-two-1.0.2.tgz",
      "integrity": "sha512-2vJEVN98/fmICx8raba7Dik3yWegSKNczEPI8XvX8qX2aeM0E6iXLwMQ2uaJS1XN28NCARtwBBq6aykERtRhxA=="
    }
  }
}
